
Microsoft Visual Studio Solution File, Format Version 12.00
# Visual Studio Version 16
VisualStudioVersion = 16.0.30503.244
MinimumVisualStudioVersion = 10.0.40219.1
Project("{FAE04EC0-301F-11D3-BF4B-00C04F79EFBC}") = "Hangman", "Hangman\Hangman.csproj", "{E9C615C7-C5EF-44BF-A342-66D55B31B1D4}"
EndProject
Global
	GlobalSection(SolutionConfigurationPlatforms) = preSolution
		Debug|Any CPU = Debug|Any CPU
		Release|Any CPU = Release|Any CPU
	EndGlobalSection
	GlobalSection(ProjectConfigurationPlatforms) = postSolution
		{E9C615C7-C5EF-44BF-A342-66D55B31B1D4}.Debug|Any CPU.ActiveCfg = Debug|Any CPU
		{E9C615C7-C5EF-44BF-A342-66D55B31B1D4}.Debug|Any CPU.Build.0 = Debug|Any CPU
		{E9C615C7-C5EF-44BF-A342-66D55B31B1D4}.Release|Any CPU.ActiveCfg = Release|Any CPU
		{E9C615C7-C5EF-44BF-A342-66D55B31B1D4}.Release|Any CPU.Build.0 = Release|Any CPU
	EndGlobalSection
	GlobalSection(SolutionProperties) = preSolution
		HideSolutionNode = FALSE
	EndGlobalSection
	GlobalSection(ExtensibilityGlobals) = postSolution
		SolutionGuid = {6F7A841D-BC22-4839-B31E-8ACC6EC6DDAF}
	EndGlobalSection
EndGlobal
